
Microsoft Visual Studio Solution File, Format Version 12.00
# Visual Studio Version 17
VisualStudioVersion = 17.10.34928.147
MinimumVisualStudioVersion = 10.0.40219.1
Project("{FAE04EC0-301F-11D3-BF4B-00C04F79EFBC}") = "Multiplication Table.NET", "Multiplication Table.NET.csproj", "{0A19EFF4-D8FF-4E33-854C-FEDC7637375D}"
EndProject
Global
	GlobalSection(SolutionConfigurationPlatforms) = preSolution
		Debug|Any CPU = Debug|Any CPU
		Release|Any CPU = Release|Any CPU
	EndGlobalSection
	GlobalSection(ProjectConfigurationPlatforms) = postSolution
		{0A19EFF4-D8FF-4E33-854C-FEDC7637375D}.Debug|Any CPU.ActiveCfg = Debug|Any CPU
		{0A19EFF4-D8FF-4E33-854C-FEDC7637375D}.Debug|Any CPU.Build.0 = Debug|Any CPU
		{0A19EFF4-D8FF-4E33-854C-FEDC7637375D}.Release|Any CPU.ActiveCfg = Release|Any CPU
		{0A19EFF4-D8FF-4E33-854C-FEDC7637375D}.Release|Any CPU.Build.0 = Release|Any CPU
	EndGlobalSection
	GlobalSection(SolutionProperties) = preSolution
		HideSolutionNode = FALSE
	EndGlobalSection
	GlobalSection(ExtensibilityGlobals) = postSolution
		SolutionGuid = {A0621E19-2A7E-4F89-A2E1-DF8DB63ACFC7}
	EndGlobalSection
EndGlobal
